
Microsoft Visual Studio Solution File, Format Version 12.00
# Visual Studio Version 17
VisualStudioVersion = 17.14.36301.6
MinimumVisualStudioVersion = 10.0.40219.1
Project("{FAE04EC0-301F-11D3-BF4B-00C04F79EFBC}") = "BusinessLogic", "BusinessLogic\BusinessLogic.csproj", "{18416C21-7AE9-415C-AE2F-FCA50CA3BE5B}"
EndProject
Project("{FAE04EC0-301F-11D3-BF4B-00C04F79EFBC}") = "DataAccess", "DataAccess\DataAccess.csproj", "{6C8EF1F5-6139-44EC-963A-8CE2EBA7A264}"
EndProject
Project("{FAE04EC0-301F-11D3-BF4B-00C04F79EFBC}") = "DbScripts", "DbScripts\DbScripts.csproj", "{9735CDA7-C5CB-49A1-A177-E59EEC93F537}"
EndProject
Project("{2150E333-8FDC-42A3-9474-1A3956D46DE8}") = "Solution Items", "Solution Items", "{8EC462FD-D22E-90A8-E5CE-7E832BA40C5D}"
	ProjectSection(SolutionItems) = preProject
		.gitignore = .gitignore
		ReadMe.md = ReadMe.md
	EndProjectSection
EndProject
Project("{FAE04EC0-301F-11D3-BF4B-00C04F79EFBC}") = "Presentation", "Presentation\Presentation.csproj", "{4045054E-6799-42D5-84FF-B35EE0A956EA}"
EndProject
Global
	GlobalSection(SolutionConfigurationPlatforms) = preSolution
		Debug|Any CPU = Debug|Any CPU
		Release|Any CPU = Release|Any CPU
	EndGlobalSection
	GlobalSection(ProjectConfigurationPlatforms) = postSolution
		{18416C21-7AE9-415C-AE2F-FCA50CA3BE5B}.Debug|Any CPU.ActiveCfg = Debug|Any CPU
		{18416C21-7AE9-415C-AE2F-FCA50CA3BE5B}.Debug|Any CPU.Build.0 = Debug|Any CPU
		{18416C21-7AE9-415C-AE2F-FCA50CA3BE5B}.Release|Any CPU.ActiveCfg = Release|Any CPU
		{18416C21-7AE9-415C-AE2F-FCA50CA3BE5B}.Release|Any CPU.Build.0 = Release|Any CPU
		{6C8EF1F5-6139-44EC-963A-8CE2EBA7A264}.Debug|Any CPU.ActiveCfg = Debug|Any CPU
		{6C8EF1F5-6139-44EC-963A-8CE2EBA7A264}.Debug|Any CPU.Build.0 = Debug|Any CPU
		{6C8EF1F5-6139-44EC-963A-8CE2EBA7A264}.Release|Any CPU.ActiveCfg = Release|Any CPU
		{6C8EF1F5-6139-44EC-963A-8CE2EBA7A264}.Release|Any CPU.Build.0 = Release|Any CPU
		{9735CDA7-C5CB-49A1-A177-E59EEC93F537}.Debug|Any CPU.ActiveCfg = Debug|Any CPU
		{9735CDA7-C5CB-49A1-A177-E59EEC93F537}.Debug|Any CPU.Build.0 = Debug|Any CPU
		{9735CDA7-C5CB-49A1-A177-E59EEC93F537}.Release|Any CPU.ActiveCfg = Release|Any CPU
		{9735CDA7-C5CB-49A1-A177-E59EEC93F537}.Release|Any CPU.Build.0 = Release|Any CPU
		{4045054E-6799-42D5-84FF-B35EE0A956EA}.Debug|Any CPU.ActiveCfg = Debug|Any CPU
		{4045054E-6799-42D5-84FF-B35EE0A956EA}.Debug|Any CPU.Build.0 = Debug|Any CPU
		{4045054E-6799-42D5-84FF-B35EE0A956EA}.Release|Any CPU.ActiveCfg = Release|Any CPU
		{4045054E-6799-42D5-84FF-B35EE0A956EA}.Release|Any CPU.Build.0 = Release|Any CPU
	EndGlobalSection
	GlobalSection(SolutionProperties) = preSolution
		HideSolutionNode = FALSE
	EndGlobalSection
	GlobalSection(ExtensibilityGlobals) = postSolution
		SolutionGuid = {F1D6A43E-8830-48BA-8EB3-C0B7BDB454A8}
	EndGlobalSection
EndGlobal
